// !$*UTF8*$!
{
	archiveVersion = 1;
	classes = {
	};
	objectVersion = 56;
	objects = {

/* Begin PBXBuildFile section */
		FF5A37E32CAA663500836F62 /* RecipeSearchable.swift in Sources */ = {isa = PBXBuildFile; fileRef = FF5A37E22CAA663500836F62 /* RecipeSearchable.swift */; };
		FF5A37E62CAA687B00836F62 /* RecipeSearchRepository.swift in Sources */ = {isa = PBXBuildFile; fileRef = FF5A37E52CAA687B00836F62 /* RecipeSearchRepository.swift */; };
		FFA2A1442C843DD200760692 /* RecipeSearchViewModel.swift in Sources */ = {isa = PBXBuildFile; fileRef = FFA2A1432C843DD200760692 /* RecipeSearchViewModel.swift */; };
		FFB913D02ABAE6FF0022E688 /* AppDelegate.swift in Sources */ = {isa = PBXBuildFile; fileRef = FFB913CF2ABAE6FF0022E688 /* AppDelegate.swift */; };
		FFB913D22ABAE6FF0022E688 /* SceneDelegate.swift in Sources */ = {isa = PBXBuildFile; fileRef = FFB913D12ABAE6FF0022E688 /* SceneDelegate.swift */; };
		FFB913D42ABAE6FF0022E688 /* ViewController.swift in Sources */ = {isa = PBXBuildFile; fileRef = FFB913D32ABAE6FF0022E688 /* ViewController.swift */; };
		FFB913D72ABAE6FF0022E688 /* Main.storyboard in Resources */ = {isa = PBXBuildFile; fileRef = FFB913D52ABAE6FF0022E688 /* Main.storyboard */; };
		FFB913D92ABAE7010022E688 /* Assets.xcassets in Resources */ = {isa = PBXBuildFile; fileRef = FFB913D82ABAE7010022E688 /* Assets.xcassets */; };
		FFB913DC2ABAE7010022E688 /* LaunchScreen.storyboard in Resources */ = {isa = PBXBuildFile; fileRef = FFB913DA2ABAE7010022E688 /* LaunchScreen.storyboard */; };
		FFDC6DA62C73087700DAC52E /* APIBase.swift in Sources */ = {isa = PBXBuildFile; fileRef = FFDC6DA52C73087700DAC52E /* APIBase.swift */; };
		FFDDE0662CBCA18700FA952F /* DefaultRecipeSearchCoordinator.swift in Sources */ = {isa = PBXBuildFile; fileRef = FFDDE0652CBCA18700FA952F /* DefaultRecipeSearchCoordinator.swift */; };
		FFDDE0682CBCA1FE00FA952F /* RecipeSearchDIContainer.swift in Sources */ = {isa = PBXBuildFile; fileRef = FFDDE0672CBCA1FE00FA952F /* RecipeSearchDIContainer.swift */; };
		FFDDE06A2CBCA52300FA952F /* RecipeSearchCoordinator.swift in Sources */ = {isa = PBXBuildFile; fileRef = FFDDE0692CBCA52300FA952F /* RecipeSearchCoordinator.swift */; };
		FFDDF1EC2C7D980900E7B551 /* Recipe.swift in Sources */ = {isa = PBXBuildFile; fileRef = FFDDF1EB2C7D980900E7B551 /* Recipe.swift */; };
		FFDDF1F32C7EBAA100E7B551 /* SearchRecipeRepository.swift in Sources */ = {isa = PBXBuildFile; fileRef = FFDDF1F22C7EBAA100E7B551 /* SearchRecipeRepository.swift */; };
		FFDDF1F52C7EEBF000E7B551 /* RecipeSearchUsecase.swift in Sources */ = {isa = PBXBuildFile; fileRef = FFDDF1F42C7EEBF000E7B551 /* RecipeSearchUsecase.swift */; };
		FFE2109A2C16D4CD000D29B0 /* RxCocoa in Frameworks */ = {isa = PBXBuildFile; productRef = FFE210992C16D4CD000D29B0 /* RxCocoa */; };
		FFE2109C2C16D4CD000D29B0 /* RxSwift in Frameworks */ = {isa = PBXBuildFile; productRef = FFE2109B2C16D4CD000D29B0 /* RxSwift */; };
		FFE2B26C2CAABB9600927C2C /* RecipeSearchResultsViewModel.swift in Sources */ = {isa = PBXBuildFile; fileRef = FFE2B26B2CAABB9600927C2C /* RecipeSearchResultsViewModel.swift */; };
		FFE2B26E2CACDC9C00927C2C /* RecipeSearchResultDetailViewModel.swift in Sources */ = {isa = PBXBuildFile; fileRef = FFE2B26D2CACDC9C00927C2C /* RecipeSearchResultDetailViewModel.swift */; };
		FFE2B2872CB76F5000927C2C /* Coordinator.swift in Sources */ = {isa = PBXBuildFile; fileRef = FFE2B2862CB76F5000927C2C /* Coordinator.swift */; };
/* End PBXBuildFile section */

/* Begin PBXFileReference section */
		FF5A37E22CAA663500836F62 /* RecipeSearchable.swift */ = {isa = PBXFileReference; lastKnownFileType = sourcecode.swift; path = RecipeSearchable.swift; sourceTree = "<group>"; };
		FF5A37E52CAA687B00836F62 /* RecipeSearchRepository.swift */ = {isa = PBXFileReference; lastKnownFileType = sourcecode.swift; path = RecipeSearchRepository.swift; sourceTree = "<group>"; };
		FFA2A1432C843DD200760692 /* RecipeSearchViewModel.swift */ = {isa = PBXFileReference; lastKnownFileType = sourcecode.swift; path = RecipeSearchViewModel.swift; sourceTree = "<group>"; };
		FFB913CC2ABAE6FF0022E688 /* DilemmaDelish.app */ = {isa = PBXFileReference; explicitFileType = wrapper.application; includeInIndex = 0; path = DilemmaDelish.app; sourceTree = BUILT_PRODUCTS_DIR; };
		FFB913CF2ABAE6FF0022E688 /* AppDelegate.swift */ = {isa = PBXFileReference; lastKnownFileType = sourcecode.swift; path = AppDelegate.swift; sourceTree = "<group>"; };
		FFB913D12ABAE6FF0022E688 /* SceneDelegate.swift */ = {isa = PBXFileReference; lastKnownFileType = sourcecode.swift; path = SceneDelegate.swift; sourceTree = "<group>"; };
		FFB913D32ABAE6FF0022E688 /* ViewController.swift */ = {isa = PBXFileReference; lastKnownFileType = sourcecode.swift; path = ViewController.swift; sourceTree = "<group>"; };
		FFB913D62ABAE6FF0022E688 /* Base */ = {isa = PBXFileReference; lastKnownFileType = file.storyboard; name = Base; path = Base.lproj/Main.storyboard; sourceTree = "<group>"; };
		FFB913D82ABAE7010022E688 /* Assets.xcassets */ = {isa = PBXFileReference; lastKnownFileType = folder.assetcatalog; path = Assets.xcassets; sourceTree = "<group>"; };
		FFB913DB2ABAE7010022E688 /* Base */ = {isa = PBXFileReference; lastKnownFileType = file.storyboard; name = Base; path = Base.lproj/LaunchScreen.storyboard; sourceTree = "<group>"; };
		FFB913DD2ABAE7010022E688 /* Info.plist */ = {isa = PBXFileReference; lastKnownFileType = text.plist.xml; path = Info.plist; sourceTree = "<group>"; };
		FFDC6DA32C7306A600DAC52E /* Requestable.swift */ = {isa = PBXFileReference; lastKnownFileType = sourcecode.swift; path = Requestable.swift; sourceTree = "<group>"; };
		FFDC6DA52C73087700DAC52E /* APIBase.swift */ = {isa = PBXFileReference; lastKnownFileType = sourcecode.swift; path = APIBase.swift; sourceTree = "<group>"; };
		FFDC6DA82C730ADD00DAC52E /* RecipeAPI.swift */ = {isa = PBXFileReference; lastKnownFileType = sourcecode.swift; path = RecipeAPI.swift; sourceTree = "<group>"; };
		FFDDE0652CBCA18700FA952F /* DefaultRecipeSearchCoordinator.swift */ = {isa = PBXFileReference; lastKnownFileType = sourcecode.swift; path = DefaultRecipeSearchCoordinator.swift; sourceTree = "<group>"; };
		FFDDE0672CBCA1FE00FA952F /* RecipeSearchDIContainer.swift */ = {isa = PBXFileReference; lastKnownFileType = sourcecode.swift; path = RecipeSearchDIContainer.swift; sourceTree = "<group>"; };
		FFDDE0692CBCA52300FA952F /* RecipeSearchCoordinator.swift */ = {isa = PBXFileReference; lastKnownFileType = sourcecode.swift; path = RecipeSearchCoordinator.swift; sourceTree = "<group>"; };
		FFDDF1EB2C7D980900E7B551 /* Recipe.swift */ = {isa = PBXFileReference; lastKnownFileType = sourcecode.swift; path = Recipe.swift; sourceTree = "<group>"; };
		FFDDF1F22C7EBAA100E7B551 /* SearchRecipeRepository.swift */ = {isa = PBXFileReference; lastKnownFileType = sourcecode.swift; path = SearchRecipeRepository.swift; sourceTree = "<group>"; };
		FFDDF1F42C7EEBF000E7B551 /* RecipeSearchUsecase.swift */ = {isa = PBXFileReference; lastKnownFileType = sourcecode.swift; path = RecipeSearchUsecase.swift; sourceTree = "<group>"; };
		FFE2B26B2CAABB9600927C2C /* RecipeSearchResultsViewModel.swift */ = {isa = PBXFileReference; lastKnownFileType = sourcecode.swift; path = RecipeSearchResultsViewModel.swift; sourceTree = "<group>"; };
		FFE2B26D2CACDC9C00927C2C /* RecipeSearchResultDetailViewModel.swift */ = {isa = PBXFileReference; lastKnownFileType = sourcecode.swift; path = RecipeSearchResultDetailViewModel.swift; sourceTree = "<group>"; };
		FFE2B2862CB76F5000927C2C /* Coordinator.swift */ = {isa = PBXFileReference; lastKnownFileType = sourcecode.swift; path = Coordinator.swift; sourceTree = "<group>"; };
		FFE2B2892CB7FDF700927C2C /* AppCoordinator.swift */ = {isa = PBXFileReference; lastKnownFileType = sourcecode.swift; path = AppCoordinator.swift; sourceTree = "<group>"; };
		FFE2B28C2CB7FF1C00927C2C /* AppDIContainer.swift */ = {isa = PBXFileReference; lastKnownFileType = sourcecode.swift; path = AppDIContainer.swift; sourceTree = "<group>"; };
/* End PBXFileReference section */

/* Begin PBXFrameworksBuildPhase section */
		FFB913C92ABAE6FF0022E688 /* Frameworks */ = {
			isa = PBXFrameworksBuildPhase;
			buildActionMask = 2147483647;
			files = (
				FFE2109C2C16D4CD000D29B0 /* RxSwift in Frameworks */,
				FFE2109A2C16D4CD000D29B0 /* RxCocoa in Frameworks */,
			);
			runOnlyForDeploymentPostprocessing = 0;
		};
/* End PBXFrameworksBuildPhase section */

/* Begin PBXGroup section */
		FF5A37E42CAA685D00836F62 /* Interfaces */ = {
			isa = PBXGroup;
			children = (
				FF5A37E52CAA687B00836F62 /* RecipeSearchRepository.swift */,
			);
			path = Interfaces;
			sourceTree = "<group>";
		};
		FFA2A1422C843DC500760692 /* Presentation */ = {
			isa = PBXGroup;
			children = (
				FFDDE0692CBCA52300FA952F /* RecipeSearchCoordinator.swift */,
				FFDDE06B2CBCA57300FA952F /* ViewModels */,
			);
			path = Presentation;
			sourceTree = "<group>";
		};
		FFA2A1472C84446400760692 /* Network */ = {
			isa = PBXGroup;
			children = (
				FFDC6DA22C73066A00DAC52E /* APIBase */,
				FFDC6DA72C730AD100DAC52E /* APIs */,
			);
			path = Network;
			sourceTree = "<group>";
		};
		FFB913C32ABAE6FF0022E688 = {
			isa = PBXGroup;
			children = (
				FFB913CE2ABAE6FF0022E688 /* DilemmaDelish */,
				FFB913CD2ABAE6FF0022E688 /* Products */,
			);
			sourceTree = "<group>";
		};
		FFB913CD2ABAE6FF0022E688 /* Products */ = {
			isa = PBXGroup;
			children = (
				FFB913CC2ABAE6FF0022E688 /* DilemmaDelish.app */,
			);
			name = Products;
			sourceTree = "<group>";
		};
		FFB913CE2ABAE6FF0022E688 /* DilemmaDelish */ = {
			isa = PBXGroup;
			children = (
				FFDDF1E82C7D97EA00E7B551 /* Features */,
				FFE2B28B2CB7FEFF00927C2C /* DIContainer */,
				FFE2B2882CB79AA600927C2C /* Coordinator */,
				FFA2A1472C84446400760692 /* Network */,
				FFB913CF2ABAE6FF0022E688 /* AppDelegate.swift */,
				FFB913D12ABAE6FF0022E688 /* SceneDelegate.swift */,
				FFB913D32ABAE6FF0022E688 /* ViewController.swift */,
				FFB913D52ABAE6FF0022E688 /* Main.storyboard */,
				FFB913D82ABAE7010022E688 /* Assets.xcassets */,
				FFB913DA2ABAE7010022E688 /* LaunchScreen.storyboard */,
				FFB913DD2ABAE7010022E688 /* Info.plist */,
			);
			path = DilemmaDelish;
			sourceTree = "<group>";
		};
		FFDC6DA22C73066A00DAC52E /* APIBase */ = {
			isa = PBXGroup;
			children = (
				FFDC6DA32C7306A600DAC52E /* Requestable.swift */,
				FFDC6DA52C73087700DAC52E /* APIBase.swift */,
			);
			path = APIBase;
			sourceTree = "<group>";
		};
		FFDC6DA72C730AD100DAC52E /* APIs */ = {
			isa = PBXGroup;
			children = (
				FFDC6DA82C730ADD00DAC52E /* RecipeAPI.swift */,
			);
			path = APIs;
			sourceTree = "<group>";
		};
		FFDDE06B2CBCA57300FA952F /* ViewModels */ = {
			isa = PBXGroup;
			children = (
				FFA2A1432C843DD200760692 /* RecipeSearchViewModel.swift */,
				FFE2B26B2CAABB9600927C2C /* RecipeSearchResultsViewModel.swift */,
				FFE2B26D2CACDC9C00927C2C /* RecipeSearchResultDetailViewModel.swift */,
			);
			path = ViewModels;
			sourceTree = "<group>";
		};
		FFDDF1E82C7D97EA00E7B551 /* Features */ = {
			isa = PBXGroup;
			children = (
				FFDDF1E92C7D97F800E7B551 /* SearchRecipe */,
			);
			path = Features;
			sourceTree = "<group>";
		};
		FFDDF1E92C7D97F800E7B551 /* SearchRecipe */ = {
			isa = PBXGroup;
			children = (
				FFDDF1F12C7EBA8400E7B551 /* Data */,
				FFDDF1EA2C7D980200E7B551 /* Domain */,
				FFA2A1422C843DC500760692 /* Presentation */,
			);
			path = SearchRecipe;
			sourceTree = "<group>";
		};
		FFDDF1EA2C7D980200E7B551 /* Domain */ = {
			isa = PBXGroup;
			children = (
				FF5A37E42CAA685D00836F62 /* Interfaces */,
				FFDDF1EB2C7D980900E7B551 /* Recipe.swift */,
				FFDDF1F42C7EEBF000E7B551 /* RecipeSearchUsecase.swift */,
				FF5A37E22CAA663500836F62 /* RecipeSearchable.swift */,
			);
			path = Domain;
			sourceTree = "<group>";
		};
		FFDDF1F12C7EBA8400E7B551 /* Data */ = {
			isa = PBXGroup;
			children = (
				FFDDF1F22C7EBAA100E7B551 /* SearchRecipeRepository.swift */,
			);
			path = Data;
			sourceTree = "<group>";
		};
		FFE2B2882CB79AA600927C2C /* Coordinator */ = {
			isa = PBXGroup;
			children = (
				FFE2B2862CB76F5000927C2C /* Coordinator.swift */,
				FFE2B2892CB7FDF700927C2C /* AppCoordinator.swift */,
				FFDDE0652CBCA18700FA952F /* DefaultRecipeSearchCoordinator.swift */,
			);
			path = Coordinator;
			sourceTree = "<group>";
		};
		FFE2B28B2CB7FEFF00927C2C /* DIContainer */ = {
			isa = PBXGroup;
			children = (
				FFE2B28C2CB7FF1C00927C2C /* AppDIContainer.swift */,
				FFDDE0672CBCA1FE00FA952F /* RecipeSearchDIContainer.swift */,
			);
			path = DIContainer;
			sourceTree = "<group>";
		};
/* End PBXGroup section */

/* Begin PBXNativeTarget section */
		FFB913CB2ABAE6FF0022E688 /* DilemmaDelish */ = {
			isa = PBXNativeTarget;
			buildConfigurationList = FFB913E02ABAE7010022E688 /* Build configuration list for PBXNativeTarget "DilemmaDelish" */;
			buildPhases = (
				FFB913C82ABAE6FF0022E688 /* Sources */,
				FFB913C92ABAE6FF0022E688 /* Frameworks */,
				FFB913CA2ABAE6FF0022E688 /* Resources */,
			);
			buildRules = (
			);
			dependencies = (
			);
			name = DilemmaDelish;
			packageProductDependencies = (
				FFE210992C16D4CD000D29B0 /* RxCocoa */,
				FFE2109B2C16D4CD000D29B0 /* RxSwift */,
			);
			productName = DilemmaDelish;
			productReference = FFB913CC2ABAE6FF0022E688 /* DilemmaDelish.app */;
			productType = "com.apple.product-type.application";
		};
/* End PBXNativeTarget section */

/* Begin PBXProject section */
		FFB913C42ABAE6FF0022E688 /* Project object */ = {
			isa = PBXProject;
			attributes = {
				BuildIndependentTargetsInParallel = 1;
				LastSwiftUpdateCheck = 1410;
				LastUpgradeCheck = 1410;
				TargetAttributes = {
					FFB913CB2ABAE6FF0022E688 = {
						CreatedOnToolsVersion = 14.1;
					};
				};
			};
			buildConfigurationList = FFB913C72ABAE6FF0022E688 /* Build configuration list for PBXProject "DilemmaDelish" */;
			compatibilityVersion = "Xcode 14.0";
			developmentRegion = en;
			hasScannedForEncodings = 0;
			knownRegions = (
				en,
				Base,
			);
			mainGroup = FFB913C32ABAE6FF0022E688;
			packageReferences = (
				FFE210982C16D4CD000D29B0 /* XCRemoteSwiftPackageReference "RxSwift" */,
			);
			productRefGroup = FFB913CD2ABAE6FF0022E688 /* Products */;
			projectDirPath = "";
			projectRoot = "";
			targets = (
				FFB913CB2ABAE6FF0022E688 /* DilemmaDelish */,
			);
		};
/* End PBXProject section */

/* Begin PBXResourcesBuildPhase section */
		FFB913CA2ABAE6FF0022E688 /* Resources */ = {
			isa = PBXResourcesBuildPhase;
			buildActionMask = 2147483647;
			files = (
				FFB913DC2ABAE7010022E688 /* LaunchScreen.storyboard in Resources */,
				FFB913D92ABAE7010022E688 /* Assets.xcassets in Resources */,
				FFB913D72ABAE6FF0022E688 /* Main.storyboard in Resources */,
			);
			runOnlyForDeploymentPostprocessing = 0;
		};
/* End PBXResourcesBuildPhase section */

/* Begin PBXSourcesBuildPhase section */
		FFB913C82ABAE6FF0022E688 /* Sources */ = {
			isa = PBXSourcesBuildPhase;
			buildActionMask = 2147483647;
			files = (
				FFE2B2872CB76F5000927C2C /* Coordinator.swift in Sources */,
				FFB913D42ABAE6FF0022E688 /* ViewController.swift in Sources */,
				FFDDE06A2CBCA52300FA952F /* RecipeSearchCoordinator.swift in Sources */,
				FFDDE0662CBCA18700FA952F /* DefaultRecipeSearchCoordinator.swift in Sources */,
				FFB913D02ABAE6FF0022E688 /* AppDelegate.swift in Sources */,
				FFDDF1F32C7EBAA100E7B551 /* SearchRecipeRepository.swift in Sources */,
				FFDDE0682CBCA1FE00FA952F /* RecipeSearchDIContainer.swift in Sources */,
				FFDC6DA62C73087700DAC52E /* APIBase.swift in Sources */,
				FFB913D22ABAE6FF0022E688 /* SceneDelegate.swift in Sources */,
				FFDDF1EC2C7D980900E7B551 /* Recipe.swift in Sources */,
				FFE2B26E2CACDC9C00927C2C /* RecipeSearchResultDetailViewModel.swift in Sources */,
				FFA2A1442C843DD200760692 /* RecipeSearchViewModel.swift in Sources */,
				FF5A37E62CAA687B00836F62 /* RecipeSearchRepository.swift in Sources */,
				FFE2B26C2CAABB9600927C2C /* RecipeSearchResultsViewModel.swift in Sources */,
				FF5A37E32CAA663500836F62 /* RecipeSearchable.swift in Sources */,
				FFDDF1F52C7EEBF000E7B551 /* RecipeSearchUsecase.swift in Sources */,
			);
			runOnlyForDeploymentPostprocessing = 0;
		};
/* End PBXSourcesBuildPhase section */

/* Begin PBXVariantGroup section */
		FFB913D52ABAE6FF0022E688 /* Main.storyboard */ = {
			isa = PBXVariantGroup;
			children = (
				FFB913D62ABAE6FF0022E688 /* Base */,
			);
			name = Main.storyboard;
			sourceTree = "<group>";
		};
		FFB913DA2ABAE7010022E688 /* LaunchScreen.storyboard */ = {
			isa = PBXVariantGroup;
			children = (
				FFB913DB2ABAE7010022E688 /* Base */,
			);
			name = LaunchScreen.storyboard;
			sourceTree = "<group>";
		};
/* End PBXVariantGroup section */

/* Begin XCBuildConfiguration section */
		FFB913DE2ABAE7010022E688 /* Debug */ = {
			isa = XCBuildConfiguration;
			buildSettings = {
				ALWAYS_SEARCH_USER_PATHS = NO;
				CLANG_ANALYZER_NONNULL = YES;
				CLANG_ANALYZER_NUMBER_OBJECT_CONVERSION = YES_AGGRESSIVE;
				CLANG_CXX_LANGUAGE_STANDARD = "gnu++20";
				CLANG_ENABLE_MODULES = YES;
				CLANG_ENABLE_OBJC_ARC = YES;
				CLANG_ENABLE_OBJC_WEAK = YES;
				CLANG_WARN_BLOCK_CAPTURE_AUTORELEASING = YES;
				CLANG_WARN_BOOL_CONVERSION = YES;
				CLANG_WARN_COMMA = YES;
				CLANG_WARN_CONSTANT_CONVERSION = YES;
				CLANG_WARN_DEPRECATED_OBJC_IMPLEMENTATIONS = YES;
				CLANG_WARN_DIRECT_OBJC_ISA_USAGE = YES_ERROR;
				CLANG_WARN_DOCUMENTATION_COMMENTS = YES;
				CLANG_WARN_EMPTY_BODY = YES;
				CLANG_WARN_ENUM_CONVERSION = YES;
				CLANG_WARN_INFINITE_RECURSION = YES;
				CLANG_WARN_INT_CONVERSION = YES;
				CLANG_WARN_NON_LITERAL_NULL_CONVERSION = YES;
				CLANG_WARN_OBJC_IMPLICIT_RETAIN_SELF = YES;
				CLANG_WARN_OBJC_LITERAL_CONVERSION = YES;
				CLANG_WARN_OBJC_ROOT_CLASS = YES_ERROR;
				CLANG_WARN_QUOTED_INCLUDE_IN_FRAMEWORK_HEADER = YES;
				CLANG_WARN_RANGE_LOOP_ANALYSIS = YES;
				CLANG_WARN_STRICT_PROTOTYPES = YES;
				CLANG_WARN_SUSPICIOUS_MOVE = YES;
				CLANG_WARN_UNGUARDED_AVAILABILITY = YES_AGGRESSIVE;
				CLANG_WARN_UNREACHABLE_CODE = YES;
				CLANG_WARN__DUPLICATE_METHOD_MATCH = YES;
				COPY_PHASE_STRIP = NO;
				DEBUG_INFORMATION_FORMAT = dwarf;
				ENABLE_STRICT_OBJC_MSGSEND = YES;
				ENABLE_TESTABILITY = YES;
				GCC_C_LANGUAGE_STANDARD = gnu11;
				GCC_DYNAMIC_NO_PIC = NO;
				GCC_NO_COMMON_BLOCKS = YES;
				GCC_OPTIMIZATION_LEVEL = 0;
				GCC_PREPROCESSOR_DEFINITIONS = (
					"DEBUG=1",
					"$(inherited)",
				);
				GCC_WARN_64_TO_32_BIT_CONVERSION = YES;
				GCC_WARN_ABOUT_RETURN_TYPE = YES_ERROR;
				GCC_WARN_UNDECLARED_SELECTOR = YES;
				GCC_WARN_UNINITIALIZED_AUTOS = YES_AGGRESSIVE;
				GCC_WARN_UNUSED_FUNCTION = YES;
				GCC_WARN_UNUSED_VARIABLE = YES;
				IPHONEOS_DEPLOYMENT_TARGET = 16.1;
				MTL_ENABLE_DEBUG_INFO = INCLUDE_SOURCE;
				MTL_FAST_MATH = YES;
				ONLY_ACTIVE_ARCH = YES;
				SDKROOT = iphoneos;
				SWIFT_ACTIVE_COMPILATION_CONDITIONS = DEBUG;
				SWIFT_OPTIMIZATION_LEVEL = "-Onone";
			};
			name = Debug;
		};
		FFB913DF2ABAE7010022E688 /* Release */ = {
			isa = XCBuildConfiguration;
			buildSettings = {
				ALWAYS_SEARCH_USER_PATHS = NO;
				CLANG_ANALYZER_NONNULL = YES;
				CLANG_ANALYZER_NUMBER_OBJECT_CONVERSION = YES_AGGRESSIVE;
				CLANG_CXX_LANGUAGE_STANDARD = "gnu++20";
				CLANG_ENABLE_MODULES = YES;
				CLANG_ENABLE_OBJC_ARC = YES;
				CLANG_ENABLE_OBJC_WEAK = YES;
				CLANG_WARN_BLOCK_CAPTURE_AUTORELEASING = YES;
				CLANG_WARN_BOOL_CONVERSION = YES;
				CLANG_WARN_COMMA = YES;
				CLANG_WARN_CONSTANT_CONVERSION = YES;
				CLANG_WARN_DEPRECATED_OBJC_IMPLEMENTATIONS = YES;
				CLANG_WARN_DIRECT_OBJC_ISA_USAGE = YES_ERROR;
				CLANG_WARN_DOCUMENTATION_COMMENTS = YES;
				CLANG_WARN_EMPTY_BODY = YES;
				CLANG_WARN_ENUM_CONVERSION = YES;
				CLANG_WARN_INFINITE_RECURSION = YES;
				CLANG_WARN_INT_CONVERSION = YES;
				CLANG_WARN_NON_LITERAL_NULL_CONVERSION = YES;
				CLANG_WARN_OBJC_IMPLICIT_RETAIN_SELF = YES;
				CLANG_WARN_OBJC_LITERAL_CONVERSION = YES;
				CLANG_WARN_OBJC_ROOT_CLASS = YES_ERROR;
				CLANG_WARN_QUOTED_INCLUDE_IN_FRAMEWORK_HEADER = YES;
				CLANG_WARN_RANGE_LOOP_ANALYSIS = YES;
				CLANG_WARN_STRICT_PROTOTYPES = YES;
				CLANG_WARN_SUSPICIOUS_MOVE = YES;
				CLANG_WARN_UNGUARDED_AVAILABILITY = YES_AGGRESSIVE;
				CLANG_WARN_UNREACHABLE_CODE = YES;
				CLANG_WARN__DUPLICATE_METHOD_MATCH = YES;
				COPY_PHASE_STRIP = NO;
				DEBUG_INFORMATION_FORMAT = "dwarf-with-dsym";
				ENABLE_NS_ASSERTIONS = NO;
				ENABLE_STRICT_OBJC_MSGSEND = YES;
				GCC_C_LANGUAGE_STANDARD = gnu11;
				GCC_NO_COMMON_BLOCKS = YES;
				GCC_WARN_64_TO_32_BIT_CONVERSION = YES;
				GCC_WARN_ABOUT_RETURN_TYPE = YES_ERROR;
				GCC_WARN_UNDECLARED_SELECTOR = YES;
				GCC_WARN_UNINITIALIZED_AUTOS = YES_AGGRESSIVE;
				GCC_WARN_UNUSED_FUNCTION = YES;
				GCC_WARN_UNUSED_VARIABLE = YES;
				IPHONEOS_DEPLOYMENT_TARGET = 16.1;
				MTL_ENABLE_DEBUG_INFO = NO;
				MTL_FAST_MATH = YES;
				SDKROOT = iphoneos;
				SWIFT_COMPILATION_MODE = wholemodule;
				SWIFT_OPTIMIZATION_LEVEL = "-O";
				VALIDATE_PRODUCT = YES;
			};
			name = Release;
		};
		FFB913E12ABAE7010022E688 /* Debug */ = {
			isa = XCBuildConfiguration;
			buildSettings = {
				ASSETCATALOG_COMPILER_APPICON_NAME = AppIcon;
				ASSETCATALOG_COMPILER_GLOBAL_ACCENT_COLOR_NAME = AccentColor;
				CODE_SIGN_STYLE = Automatic;
				CURRENT_PROJECT_VERSION = 1;
				DEVELOPMENT_TEAM = UQ7NNW9PV7;
				GENERATE_INFOPLIST_FILE = YES;
				INFOPLIST_FILE = DilemmaDelish/Info.plist;
				INFOPLIST_KEY_UIApplicationSupportsIndirectInputEvents = YES;
				INFOPLIST_KEY_UILaunchStoryboardName = LaunchScreen;
				INFOPLIST_KEY_UIMainStoryboardFile = Main;
				INFOPLIST_KEY_UISupportedInterfaceOrientations_iPad = "UIInterfaceOrientationPortrait UIInterfaceOrientationPortraitUpsideDown UIInterfaceOrientationLandscapeLeft UIInterfaceOrientationLandscapeRight";
				INFOPLIST_KEY_UISupportedInterfaceOrientations_iPhone = "UIInterfaceOrientationPortrait UIInterfaceOrientationLandscapeLeft UIInterfaceOrientationLandscapeRight";
				LD_RUNPATH_SEARCH_PATHS = (
					"$(inherited)",
					"@executable_path/Frameworks",
				);
				MARKETING_VERSION = 1.0;
				PRODUCT_BUNDLE_IDENTIFIER = SooJi.DilemmaDelish;
				PRODUCT_NAME = "$(TARGET_NAME)";
				SWIFT_EMIT_LOC_STRINGS = YES;
				SWIFT_VERSION = 5.0;
				TARGETED_DEVICE_FAMILY = "1,2";
			};
			name = Debug;
		};
		FFB913E22ABAE7010022E688 /* Release */ = {
			isa = XCBuildConfiguration;
			buildSettings = {
				ASSETCATALOG_COMPILER_APPICON_NAME = AppIcon;
				ASSETCATALOG_COMPILER_GLOBAL_ACCENT_COLOR_NAME = AccentColor;
				CODE_SIGN_STYLE = Automatic;
				CURRENT_PROJECT_VERSION = 1;
				DEVELOPMENT_TEAM = UQ7NNW9PV7;
				GENERATE_INFOPLIST_FILE = YES;
				INFOPLIST_FILE = DilemmaDelish/Info.plist;
				INFOPLIST_KEY_UIApplicationSupportsIndirectInputEvents = YES;
				INFOPLIST_KEY_UILaunchStoryboardName = LaunchScreen;
				INFOPLIST_KEY_UIMainStoryboardFile = Main;
				INFOPLIST_KEY_UISupportedInterfaceOrientations_iPad = "UIInterfaceOrientationPortrait UIInterfaceOrientationPortraitUpsideDown UIInterfaceOrientationLandscapeLeft UIInterfaceOrientationLandscapeRight";
				INFOPLIST_KEY_UISupportedInterfaceOrientations_iPhone = "UIInterfaceOrientationPortrait UIInterfaceOrientationLandscapeLeft UIInterfaceOrientationLandscapeRight";
				LD_RUNPATH_SEARCH_PATHS = (
					"$(inherited)",
					"@executable_path/Frameworks",
				);
				MARKETING_VERSION = 1.0;
				PRODUCT_BUNDLE_IDENTIFIER = SooJi.DilemmaDelish;
				PRODUCT_NAME = "$(TARGET_NAME)";
				SWIFT_EMIT_LOC_STRINGS = YES;
				SWIFT_VERSION = 5.0;
				TARGETED_DEVICE_FAMILY = "1,2";
			};
			name = Release;
		};
/* End XCBuildConfiguration section */

/* Begin XCConfigurationList section */
		FFB913C72ABAE6FF0022E688 /* Build configuration list for PBXProject "DilemmaDelish" */ = {
			isa = XCConfigurationList;
			buildConfigurations = (
				FFB913DE2ABAE7010022E688 /* Debug */,
				FFB913DF2ABAE7010022E688 /* Release */,
			);
			defaultConfigurationIsVisible = 0;
			defaultConfigurationName = Release;
		};
		FFB913E02ABAE7010022E688 /* Build configuration list for PBXNativeTarget "DilemmaDelish" */ = {
			isa = XCConfigurationList;
			buildConfigurations = (
				FFB913E12ABAE7010022E688 /* Debug */,
				FFB913E22ABAE7010022E688 /* Release */,
			);
			defaultConfigurationIsVisible = 0;
			defaultConfigurationName = Release;
		};
/* End XCConfigurationList section */

/* Begin XCRemoteSwiftPackageReference section */
		FFE210982C16D4CD000D29B0 /* XCRemoteSwiftPackageReference "RxSwift" */ = {
			isa = XCRemoteSwiftPackageReference;
			repositoryURL = "https://github.com/ReactiveX/RxSwift";
			requirement = {
				kind = upToNextMajorVersion;
				minimumVersion = 6.7.1;
			};
		};
/* End XCRemoteSwiftPackageReference section */

/* Begin XCSwiftPackageProductDependency section */
		FFE210992C16D4CD000D29B0 /* RxCocoa */ = {
			isa = XCSwiftPackageProductDependency;
			package = FFE210982C16D4CD000D29B0 /* XCRemoteSwiftPackageReference "RxSwift" */;
			productName = RxCocoa;
		};
		FFE2109B2C16D4CD000D29B0 /* RxSwift */ = {
			isa = XCSwiftPackageProductDependency;
			package = FFE210982C16D4CD000D29B0 /* XCRemoteSwiftPackageReference "RxSwift" */;
			productName = RxSwift;
		};
/* End XCSwiftPackageProductDependency section */
	};
	rootObject = FFB913C42ABAE6FF0022E688 /* Project object */;
}
