// !$*UTF8*$!
{
	archiveVersion = 1;
	classes = {
	};
	objectVersion = 56;
	objects = {

/* Begin PBXBuildFile section */
		FF2F003D2AD4E20D0060E7C5 /* IngredientModel+CoreDataClass.swift in Sources */ = {isa = PBXBuildFile; fileRef = FF2F003B2AD4E20D0060E7C5 /* IngredientModel+CoreDataClass.swift */; };
		FF2F003E2AD4E20D0060E7C5 /* IngredientModel+CoreDataProperties.swift in Sources */ = {isa = PBXBuildFile; fileRef = FF2F003C2AD4E20D0060E7C5 /* IngredientModel+CoreDataProperties.swift */; };
		FF8FEF582AEF6B1B0019180E /* RecipeItem.swift in Sources */ = {isa = PBXBuildFile; fileRef = FF8FEF572AEF6B1B0019180E /* RecipeItem.swift */; };
		FF9118D22AC11CBB00CC5E8D /* AddIngredientButton.swift in Sources */ = {isa = PBXBuildFile; fileRef = FF9118D12AC11CBB00CC5E8D /* AddIngredientButton.swift */; };
		FF9118D82AC1303900CC5E8D /* IngredientsViewTitleLabel.swift in Sources */ = {isa = PBXBuildFile; fileRef = FF9118D72AC1303900CC5E8D /* IngredientsViewTitleLabel.swift */; };
		FF9118EA2AC177B600CC5E8D /* IngredientModel.xcdatamodeld in Sources */ = {isa = PBXBuildFile; fileRef = FF9118E82AC177B600CC5E8D /* IngredientModel.xcdatamodeld */; };
		FF9118ED2AC178E200CC5E8D /* PersistentStorage.swift in Sources */ = {isa = PBXBuildFile; fileRef = FF9118EC2AC178E200CC5E8D /* PersistentStorage.swift */; };
		FF9118F72AC1AF8300CC5E8D /* IngredientItem.swift in Sources */ = {isa = PBXBuildFile; fileRef = FF9118F62AC1AF8300CC5E8D /* IngredientItem.swift */; };
		FFA258242AE7AD7900FE1A4F /* DilemmaDelishTests.swift in Sources */ = {isa = PBXBuildFile; fileRef = FFB43E4F2ADD081400250AA6 /* DilemmaDelishTests.swift */; };
		FFADA1A92AE63AE200BD9F25 /* MockURLSession.swift in Sources */ = {isa = PBXBuildFile; fileRef = FFADA1A82AE63AE200BD9F25 /* MockURLSession.swift */; };
		FFADA1AB2AE63B5900BD9F25 /* MockURLDataTask.swift in Sources */ = {isa = PBXBuildFile; fileRef = FFADA1AA2AE63B5900BD9F25 /* MockURLDataTask.swift */; };
		FFADA1AD2AE65B6B00BD9F25 /* ChatQueryModel.swift in Sources */ = {isa = PBXBuildFile; fileRef = FFADA1AC2AE65B6B00BD9F25 /* ChatQueryModel.swift */; };
		FFB43E332ADCE12300250AA6 /* ChatCompletionsAPI.swift in Sources */ = {isa = PBXBuildFile; fileRef = FFB43E322ADCE12300250AA6 /* ChatCompletionsAPI.swift */; };
		FFB43E372ADCE30C00250AA6 /* GPTModel.swift in Sources */ = {isa = PBXBuildFile; fileRef = FFB43E362ADCE30C00250AA6 /* GPTModel.swift */; };
		FFB43E392ADCEA9D00250AA6 /* ChatResponseModel.swift in Sources */ = {isa = PBXBuildFile; fileRef = FFB43E382ADCEA9D00250AA6 /* ChatResponseModel.swift */; };
		FFB43E3B2ADD03B800250AA6 /* ChatRequestModel.swift in Sources */ = {isa = PBXBuildFile; fileRef = FFB43E3A2ADD03B800250AA6 /* ChatRequestModel.swift */; };
		FFB913D02ABAE6FF0022E688 /* AppDelegate.swift in Sources */ = {isa = PBXBuildFile; fileRef = FFB913CF2ABAE6FF0022E688 /* AppDelegate.swift */; };
		FFB913D22ABAE6FF0022E688 /* SceneDelegate.swift in Sources */ = {isa = PBXBuildFile; fileRef = FFB913D12ABAE6FF0022E688 /* SceneDelegate.swift */; };
		FFB913D72ABAE6FF0022E688 /* Main.storyboard in Resources */ = {isa = PBXBuildFile; fileRef = FFB913D52ABAE6FF0022E688 /* Main.storyboard */; };
		FFB913D92ABAE7010022E688 /* Assets.xcassets in Resources */ = {isa = PBXBuildFile; fileRef = FFB913D82ABAE7010022E688 /* Assets.xcassets */; };
		FFB913DC2ABAE7010022E688 /* LaunchScreen.storyboard in Resources */ = {isa = PBXBuildFile; fileRef = FFB913DA2ABAE7010022E688 /* LaunchScreen.storyboard */; };
		FFB913EC2ABAED4B0022E688 /* RxCocoa in Frameworks */ = {isa = PBXBuildFile; productRef = FFB913EB2ABAED4B0022E688 /* RxCocoa */; };
		FFB913EE2ABAED4B0022E688 /* RxSwift in Frameworks */ = {isa = PBXBuildFile; productRef = FFB913ED2ABAED4B0022E688 /* RxSwift */; };
		FFD49D7C2ABC6B0000FBDE15 /* CookbookViewController.swift in Sources */ = {isa = PBXBuildFile; fileRef = FFD49D7B2ABC6B0000FBDE15 /* CookbookViewController.swift */; };
		FFD49D7E2ABC6B7D00FBDE15 /* IngredientButton.swift in Sources */ = {isa = PBXBuildFile; fileRef = FFD49D7D2ABC6B7D00FBDE15 /* IngredientButton.swift */; };
/* End PBXBuildFile section */

/* Begin PBXContainerItemProxy section */
		FFB43E512ADD081400250AA6 /* PBXContainerItemProxy */ = {
			isa = PBXContainerItemProxy;
			containerPortal = FFB913C42ABAE6FF0022E688 /* Project object */;
			proxyType = 1;
			remoteGlobalIDString = FFB913CB2ABAE6FF0022E688;
			remoteInfo = DilemmaDelish;
		};
/* End PBXContainerItemProxy section */

/* Begin PBXFileReference section */
		FF2F003B2AD4E20D0060E7C5 /* IngredientModel+CoreDataClass.swift */ = {isa = PBXFileReference; lastKnownFileType = sourcecode.swift; path = "IngredientModel+CoreDataClass.swift"; sourceTree = "<group>"; };
		FF2F003C2AD4E20D0060E7C5 /* IngredientModel+CoreDataProperties.swift */ = {isa = PBXFileReference; lastKnownFileType = sourcecode.swift; path = "IngredientModel+CoreDataProperties.swift"; sourceTree = "<group>"; };
		FF8FEF572AEF6B1B0019180E /* RecipeItem.swift */ = {isa = PBXFileReference; lastKnownFileType = sourcecode.swift; path = RecipeItem.swift; sourceTree = "<group>"; };
		FF9118D12AC11CBB00CC5E8D /* AddIngredientButton.swift */ = {isa = PBXFileReference; lastKnownFileType = sourcecode.swift; path = AddIngredientButton.swift; sourceTree = "<group>"; };
		FF9118D72AC1303900CC5E8D /* IngredientsViewTitleLabel.swift */ = {isa = PBXFileReference; lastKnownFileType = sourcecode.swift; path = IngredientsViewTitleLabel.swift; sourceTree = "<group>"; };
		FF9118E92AC177B600CC5E8D /* IngredientModel.xcdatamodel */ = {isa = PBXFileReference; lastKnownFileType = wrapper.xcdatamodel; path = IngredientModel.xcdatamodel; sourceTree = "<group>"; };
		FF9118EC2AC178E200CC5E8D /* PersistentStorage.swift */ = {isa = PBXFileReference; lastKnownFileType = sourcecode.swift; path = PersistentStorage.swift; sourceTree = "<group>"; };
		FF9118F62AC1AF8300CC5E8D /* IngredientItem.swift */ = {isa = PBXFileReference; lastKnownFileType = sourcecode.swift; path = IngredientItem.swift; sourceTree = "<group>"; };
		FFADA1A82AE63AE200BD9F25 /* MockURLSession.swift */ = {isa = PBXFileReference; lastKnownFileType = sourcecode.swift; path = MockURLSession.swift; sourceTree = "<group>"; };
		FFADA1AA2AE63B5900BD9F25 /* MockURLDataTask.swift */ = {isa = PBXFileReference; lastKnownFileType = sourcecode.swift; path = MockURLDataTask.swift; sourceTree = "<group>"; };
		FFADA1AC2AE65B6B00BD9F25 /* ChatQueryModel.swift */ = {isa = PBXFileReference; lastKnownFileType = sourcecode.swift; path = ChatQueryModel.swift; sourceTree = "<group>"; };
		FFB43E322ADCE12300250AA6 /* ChatCompletionsAPI.swift */ = {isa = PBXFileReference; lastKnownFileType = sourcecode.swift; path = ChatCompletionsAPI.swift; sourceTree = "<group>"; };
		FFB43E362ADCE30C00250AA6 /* GPTModel.swift */ = {isa = PBXFileReference; lastKnownFileType = sourcecode.swift; path = GPTModel.swift; sourceTree = "<group>"; };
		FFB43E382ADCEA9D00250AA6 /* ChatResponseModel.swift */ = {isa = PBXFileReference; lastKnownFileType = sourcecode.swift; path = ChatResponseModel.swift; sourceTree = "<group>"; };
		FFB43E3A2ADD03B800250AA6 /* ChatRequestModel.swift */ = {isa = PBXFileReference; lastKnownFileType = sourcecode.swift; path = ChatRequestModel.swift; sourceTree = "<group>"; };
		FFB43E4D2ADD081400250AA6 /* DilemmaDelishTests.xctest */ = {isa = PBXFileReference; explicitFileType = wrapper.cfbundle; includeInIndex = 0; path = DilemmaDelishTests.xctest; sourceTree = BUILT_PRODUCTS_DIR; };
		FFB43E4F2ADD081400250AA6 /* DilemmaDelishTests.swift */ = {isa = PBXFileReference; lastKnownFileType = sourcecode.swift; path = DilemmaDelishTests.swift; sourceTree = "<group>"; };
		FFB913CC2ABAE6FF0022E688 /* DilemmaDelish.app */ = {isa = PBXFileReference; explicitFileType = wrapper.application; includeInIndex = 0; path = DilemmaDelish.app; sourceTree = BUILT_PRODUCTS_DIR; };
		FFB913CF2ABAE6FF0022E688 /* AppDelegate.swift */ = {isa = PBXFileReference; lastKnownFileType = sourcecode.swift; path = AppDelegate.swift; sourceTree = "<group>"; };
		FFB913D12ABAE6FF0022E688 /* SceneDelegate.swift */ = {isa = PBXFileReference; lastKnownFileType = sourcecode.swift; path = SceneDelegate.swift; sourceTree = "<group>"; };
		FFB913D62ABAE6FF0022E688 /* Base */ = {isa = PBXFileReference; lastKnownFileType = file.storyboard; name = Base; path = Base.lproj/Main.storyboard; sourceTree = "<group>"; };
		FFB913D82ABAE7010022E688 /* Assets.xcassets */ = {isa = PBXFileReference; lastKnownFileType = folder.assetcatalog; path = Assets.xcassets; sourceTree = "<group>"; };
		FFB913DB2ABAE7010022E688 /* Base */ = {isa = PBXFileReference; lastKnownFileType = file.storyboard; name = Base; path = Base.lproj/LaunchScreen.storyboard; sourceTree = "<group>"; };
		FFB913DD2ABAE7010022E688 /* Info.plist */ = {isa = PBXFileReference; lastKnownFileType = text.plist.xml; path = Info.plist; sourceTree = "<group>"; };
		FFD49D7B2ABC6B0000FBDE15 /* CookbookViewController.swift */ = {isa = PBXFileReference; lastKnownFileType = sourcecode.swift; path = CookbookViewController.swift; sourceTree = "<group>"; };
		FFD49D7D2ABC6B7D00FBDE15 /* IngredientButton.swift */ = {isa = PBXFileReference; lastKnownFileType = sourcecode.swift; path = IngredientButton.swift; sourceTree = "<group>"; };
/* End PBXFileReference section */

/* Begin PBXFrameworksBuildPhase section */
		FFB913C92ABAE6FF0022E688 /* Frameworks */ = {
			isa = PBXFrameworksBuildPhase;
			buildActionMask = 2147483647;
			files = (
				FFB913EE2ABAED4B0022E688 /* RxSwift in Frameworks */,
				FFB913EC2ABAED4B0022E688 /* RxCocoa in Frameworks */,
			);
			runOnlyForDeploymentPostprocessing = 0;
		};
/* End PBXFrameworksBuildPhase section */

/* Begin PBXGroup section */
		FF9118EB2AC178CB00CC5E8D /* Repository */ = {
			isa = PBXGroup;
			children = (
				FFA2582E2AE89EAE00FE1A4F /* CoreData */,
				FF9118EC2AC178E200CC5E8D /* PersistentStorage.swift */,
				FFB43E322ADCE12300250AA6 /* ChatCompletionsAPI.swift */,
			);
			path = Repository;
			sourceTree = "<group>";
		};
		FF9118F52AC1AF7700CC5E8D /* Models */ = {
			isa = PBXGroup;
			children = (
				FF9118F62AC1AF8300CC5E8D /* IngredientItem.swift */,
				FF8FEF572AEF6B1B0019180E /* RecipeItem.swift */,
				FFB43E382ADCEA9D00250AA6 /* ChatResponseModel.swift */,
				FFB43E3A2ADD03B800250AA6 /* ChatRequestModel.swift */,
				FFADA1AC2AE65B6B00BD9F25 /* ChatQueryModel.swift */,
				FFB43E362ADCE30C00250AA6 /* GPTModel.swift */,
			);
			path = Models;
			sourceTree = "<group>";
		};
		FFA2582E2AE89EAE00FE1A4F /* CoreData */ = {
			isa = PBXGroup;
			children = (
				FF9118E82AC177B600CC5E8D /* IngredientModel.xcdatamodeld */,
				FF2F003B2AD4E20D0060E7C5 /* IngredientModel+CoreDataClass.swift */,
				FF2F003C2AD4E20D0060E7C5 /* IngredientModel+CoreDataProperties.swift */,
			);
			path = CoreData;
			sourceTree = "<group>";
		};
		FFA258302AE89F4900FE1A4F /* Storyboards */ = {
			isa = PBXGroup;
			children = (
				FFB913D52ABAE6FF0022E688 /* Main.storyboard */,
				FFB913DA2ABAE7010022E688 /* LaunchScreen.storyboard */,
			);
			path = Storyboards;
			sourceTree = "<group>";
		};
		FFA258312AE89F6700FE1A4F /* Mock */ = {
			isa = PBXGroup;
			children = (
				FFADA1A82AE63AE200BD9F25 /* MockURLSession.swift */,
				FFADA1AA2AE63B5900BD9F25 /* MockURLDataTask.swift */,
			);
			path = Mock;
			sourceTree = "<group>";
		};
		FFA258322AE89F7F00FE1A4F /* EntryPoint */ = {
			isa = PBXGroup;
			children = (
				FFB913CF2ABAE6FF0022E688 /* AppDelegate.swift */,
				FFB913D12ABAE6FF0022E688 /* SceneDelegate.swift */,
			);
			path = EntryPoint;
			sourceTree = "<group>";
		};
		FFA258332AE89F8B00FE1A4F /* Resources */ = {
			isa = PBXGroup;
			children = (
				FFB913D82ABAE7010022E688 /* Assets.xcassets */,
				FFB913DD2ABAE7010022E688 /* Info.plist */,
			);
			path = Resources;
			sourceTree = "<group>";
		};
		FFB43E4E2ADD081400250AA6 /* DilemmaDelishTests */ = {
			isa = PBXGroup;
			children = (
				FFA258312AE89F6700FE1A4F /* Mock */,
				FFB43E4F2ADD081400250AA6 /* DilemmaDelishTests.swift */,
			);
			path = DilemmaDelishTests;
			sourceTree = "<group>";
		};
		FFB913C32ABAE6FF0022E688 = {
			isa = PBXGroup;
			children = (
				FFB913CE2ABAE6FF0022E688 /* DilemmaDelish */,
				FFB43E4E2ADD081400250AA6 /* DilemmaDelishTests */,
				FFB913CD2ABAE6FF0022E688 /* Products */,
			);
			sourceTree = "<group>";
		};
		FFB913CD2ABAE6FF0022E688 /* Products */ = {
			isa = PBXGroup;
			children = (
				FFB913CC2ABAE6FF0022E688 /* DilemmaDelish.app */,
				FFB43E4D2ADD081400250AA6 /* DilemmaDelishTests.xctest */,
			);
			name = Products;
			sourceTree = "<group>";
		};
		FFB913CE2ABAE6FF0022E688 /* DilemmaDelish */ = {
			isa = PBXGroup;
			children = (
				FFA258322AE89F7F00FE1A4F /* EntryPoint */,
				FF9118EB2AC178CB00CC5E8D /* Repository */,
				FF9118F52AC1AF7700CC5E8D /* Models */,
				FFD49D782ABC6AE400FBDE15 /* Pages */,
				FFA258302AE89F4900FE1A4F /* Storyboards */,
				FFA258332AE89F8B00FE1A4F /* Resources */,
			);
			path = DilemmaDelish;
			sourceTree = "<group>";
		};
		FFD49D782ABC6AE400FBDE15 /* Pages */ = {
			isa = PBXGroup;
			children = (
				FFD49D792ABC6AEA00FBDE15 /* Views */,
				FFD49D7B2ABC6B0000FBDE15 /* CookbookViewController.swift */,
			);
			path = Pages;
			sourceTree = "<group>";
		};
		FFD49D792ABC6AEA00FBDE15 /* Views */ = {
			isa = PBXGroup;
			children = (
				FFD49D7D2ABC6B7D00FBDE15 /* IngredientButton.swift */,
				FF9118D12AC11CBB00CC5E8D /* AddIngredientButton.swift */,
				FF9118D72AC1303900CC5E8D /* IngredientsViewTitleLabel.swift */,
			);
			path = Views;
			sourceTree = "<group>";
		};
/* End PBXGroup section */

/* Begin PBXNativeTarget section */
		FFB43E4C2ADD081400250AA6 /* DilemmaDelishTests */ = {
			isa = PBXNativeTarget;
			buildConfigurationList = FFB43E552ADD081400250AA6 /* Build configuration list for PBXNativeTarget "DilemmaDelishTests" */;
			buildPhases = (
				FFB43E492ADD081400250AA6 /* Sources */,
				FFB43E4B2ADD081400250AA6 /* Resources */,
			);
			buildRules = (
			);
			dependencies = (
				FFB43E522ADD081400250AA6 /* PBXTargetDependency */,
			);
			name = DilemmaDelishTests;
			productName = ChatCompletionsAPITests;
			productReference = FFB43E4D2ADD081400250AA6 /* DilemmaDelishTests.xctest */;
			productType = "com.apple.product-type.bundle.unit-test";
		};
		FFB913CB2ABAE6FF0022E688 /* DilemmaDelish */ = {
			isa = PBXNativeTarget;
			buildConfigurationList = FFB913E02ABAE7010022E688 /* Build configuration list for PBXNativeTarget "DilemmaDelish" */;
			buildPhases = (
				FFB913C82ABAE6FF0022E688 /* Sources */,
				FFB913C92ABAE6FF0022E688 /* Frameworks */,
				FFB913CA2ABAE6FF0022E688 /* Resources */,
			);
			buildRules = (
			);
			dependencies = (
			);
			name = DilemmaDelish;
			packageProductDependencies = (
				FFB913EB2ABAED4B0022E688 /* RxCocoa */,
				FFB913ED2ABAED4B0022E688 /* RxSwift */,
			);
			productName = DilemmaDelish;
			productReference = FFB913CC2ABAE6FF0022E688 /* DilemmaDelish.app */;
			productType = "com.apple.product-type.application";
		};
/* End PBXNativeTarget section */

/* Begin PBXProject section */
		FFB913C42ABAE6FF0022E688 /* Project object */ = {
			isa = PBXProject;
			attributes = {
				BuildIndependentTargetsInParallel = 1;
				LastSwiftUpdateCheck = 1410;
				LastUpgradeCheck = 1410;
				TargetAttributes = {
					FFB43E4C2ADD081400250AA6 = {
						CreatedOnToolsVersion = 14.1;
						TestTargetID = FFB913CB2ABAE6FF0022E688;
					};
					FFB913CB2ABAE6FF0022E688 = {
						CreatedOnToolsVersion = 14.1;
					};
				};
			};
			buildConfigurationList = FFB913C72ABAE6FF0022E688 /* Build configuration list for PBXProject "DilemmaDelish" */;
			compatibilityVersion = "Xcode 14.0";
			developmentRegion = en;
			hasScannedForEncodings = 0;
			knownRegions = (
				en,
				Base,
			);
			mainGroup = FFB913C32ABAE6FF0022E688;
			packageReferences = (
				FFB913EA2ABAED4B0022E688 /* XCRemoteSwiftPackageReference "RxSwift" */,
			);
			productRefGroup = FFB913CD2ABAE6FF0022E688 /* Products */;
			projectDirPath = "";
			projectRoot = "";
			targets = (
				FFB913CB2ABAE6FF0022E688 /* DilemmaDelish */,
				FFB43E4C2ADD081400250AA6 /* DilemmaDelishTests */,
			);
		};
/* End PBXProject section */

/* Begin PBXResourcesBuildPhase section */
		FFB43E4B2ADD081400250AA6 /* Resources */ = {
			isa = PBXResourcesBuildPhase;
			buildActionMask = 2147483647;
			files = (
			);
			runOnlyForDeploymentPostprocessing = 0;
		};
		FFB913CA2ABAE6FF0022E688 /* Resources */ = {
			isa = PBXResourcesBuildPhase;
			buildActionMask = 2147483647;
			files = (
				FFB913DC2ABAE7010022E688 /* LaunchScreen.storyboard in Resources */,
				FFB913D92ABAE7010022E688 /* Assets.xcassets in Resources */,
				FFB913D72ABAE6FF0022E688 /* Main.storyboard in Resources */,
			);
			runOnlyForDeploymentPostprocessing = 0;
		};
/* End PBXResourcesBuildPhase section */

/* Begin PBXSourcesBuildPhase section */
		FFB43E492ADD081400250AA6 /* Sources */ = {
			isa = PBXSourcesBuildPhase;
			buildActionMask = 2147483647;
			files = (
				FFA258242AE7AD7900FE1A4F /* DilemmaDelishTests.swift in Sources */,
			);
			runOnlyForDeploymentPostprocessing = 0;
		};
		FFB913C82ABAE6FF0022E688 /* Sources */ = {
			isa = PBXSourcesBuildPhase;
			buildActionMask = 2147483647;
			files = (
				FF9118D22AC11CBB00CC5E8D /* AddIngredientButton.swift in Sources */,
				FFADA1A92AE63AE200BD9F25 /* MockURLSession.swift in Sources */,
				FFB43E3B2ADD03B800250AA6 /* ChatRequestModel.swift in Sources */,
				FFB43E392ADCEA9D00250AA6 /* ChatResponseModel.swift in Sources */,
				FFB43E372ADCE30C00250AA6 /* GPTModel.swift in Sources */,
				FFADA1AB2AE63B5900BD9F25 /* MockURLDataTask.swift in Sources */,
				FFADA1AD2AE65B6B00BD9F25 /* ChatQueryModel.swift in Sources */,
				FFB913D02ABAE6FF0022E688 /* AppDelegate.swift in Sources */,
				FFB43E332ADCE12300250AA6 /* ChatCompletionsAPI.swift in Sources */,
				FFB913D22ABAE6FF0022E688 /* SceneDelegate.swift in Sources */,
				FFD49D7E2ABC6B7D00FBDE15 /* IngredientButton.swift in Sources */,
				FFD49D7C2ABC6B0000FBDE15 /* CookbookViewController.swift in Sources */,
				FF9118D82AC1303900CC5E8D /* IngredientsViewTitleLabel.swift in Sources */,
				FF2F003E2AD4E20D0060E7C5 /* IngredientModel+CoreDataProperties.swift in Sources */,
				FF2F003D2AD4E20D0060E7C5 /* IngredientModel+CoreDataClass.swift in Sources */,
				FF9118EA2AC177B600CC5E8D /* IngredientModel.xcdatamodeld in Sources */,
				FF9118ED2AC178E200CC5E8D /* PersistentStorage.swift in Sources */,
				FF9118F72AC1AF8300CC5E8D /* IngredientItem.swift in Sources */,
				FF8FEF582AEF6B1B0019180E /* RecipeItem.swift in Sources */,
			);
			runOnlyForDeploymentPostprocessing = 0;
		};
/* End PBXSourcesBuildPhase section */

/* Begin PBXTargetDependency section */
		FFB43E522ADD081400250AA6 /* PBXTargetDependency */ = {
			isa = PBXTargetDependency;
			target = FFB913CB2ABAE6FF0022E688 /* DilemmaDelish */;
			targetProxy = FFB43E512ADD081400250AA6 /* PBXContainerItemProxy */;
		};
/* End PBXTargetDependency section */

/* Begin PBXVariantGroup section */
		FFB913D52ABAE6FF0022E688 /* Main.storyboard */ = {
			isa = PBXVariantGroup;
			children = (
				FFB913D62ABAE6FF0022E688 /* Base */,
			);
			name = Main.storyboard;
			sourceTree = "<group>";
		};
		FFB913DA2ABAE7010022E688 /* LaunchScreen.storyboard */ = {
			isa = PBXVariantGroup;
			children = (
				FFB913DB2ABAE7010022E688 /* Base */,
			);
			name = LaunchScreen.storyboard;
			sourceTree = "<group>";
		};
/* End PBXVariantGroup section */

/* Begin XCBuildConfiguration section */
		FFB43E532ADD081400250AA6 /* Debug */ = {
			isa = XCBuildConfiguration;
			buildSettings = {
				BUNDLE_LOADER = "$(TEST_HOST)";
				CODE_SIGN_STYLE = Automatic;
				CURRENT_PROJECT_VERSION = 1;
				DEVELOPMENT_TEAM = UQ7NNW9PV7;
				GENERATE_INFOPLIST_FILE = YES;
				IPHONEOS_DEPLOYMENT_TARGET = 16.1;
				MACOSX_DEPLOYMENT_TARGET = 12.6;
				MARKETING_VERSION = 1.0;
				PRODUCT_BUNDLE_IDENTIFIER = SooJi.ChatCompletionsAPITests;
				PRODUCT_NAME = "$(TARGET_NAME)";
				SDKROOT = auto;
				SUPPORTED_PLATFORMS = "iphoneos iphonesimulator macosx";
				SWIFT_EMIT_LOC_STRINGS = NO;
				SWIFT_VERSION = 5.0;
				TARGETED_DEVICE_FAMILY = "1,2";
				TEST_HOST = "$(BUILT_PRODUCTS_DIR)/DilemmaDelish.app/$(BUNDLE_EXECUTABLE_FOLDER_PATH)/DilemmaDelish";
			};
			name = Debug;
		};
		FFB43E542ADD081400250AA6 /* Release */ = {
			isa = XCBuildConfiguration;
			buildSettings = {
				BUNDLE_LOADER = "$(TEST_HOST)";
				CODE_SIGN_STYLE = Automatic;
				CURRENT_PROJECT_VERSION = 1;
				DEVELOPMENT_TEAM = UQ7NNW9PV7;
				GENERATE_INFOPLIST_FILE = YES;
				IPHONEOS_DEPLOYMENT_TARGET = 16.1;
				MACOSX_DEPLOYMENT_TARGET = 12.6;
				MARKETING_VERSION = 1.0;
				PRODUCT_BUNDLE_IDENTIFIER = SooJi.ChatCompletionsAPITests;
				PRODUCT_NAME = "$(TARGET_NAME)";
				SDKROOT = auto;
				SUPPORTED_PLATFORMS = "iphoneos iphonesimulator macosx";
				SWIFT_EMIT_LOC_STRINGS = NO;
				SWIFT_VERSION = 5.0;
				TARGETED_DEVICE_FAMILY = "1,2";
				TEST_HOST = "$(BUILT_PRODUCTS_DIR)/DilemmaDelish.app/$(BUNDLE_EXECUTABLE_FOLDER_PATH)/DilemmaDelish";
			};
			name = Release;
		};
		FFB913DE2ABAE7010022E688 /* Debug */ = {
			isa = XCBuildConfiguration;
			buildSettings = {
				ALWAYS_SEARCH_USER_PATHS = NO;
				CLANG_ANALYZER_NONNULL = YES;
				CLANG_ANALYZER_NUMBER_OBJECT_CONVERSION = YES_AGGRESSIVE;
				CLANG_CXX_LANGUAGE_STANDARD = "gnu++20";
				CLANG_ENABLE_MODULES = YES;
				CLANG_ENABLE_OBJC_ARC = YES;
				CLANG_ENABLE_OBJC_WEAK = YES;
				CLANG_WARN_BLOCK_CAPTURE_AUTORELEASING = YES;
				CLANG_WARN_BOOL_CONVERSION = YES;
				CLANG_WARN_COMMA = YES;
				CLANG_WARN_CONSTANT_CONVERSION = YES;
				CLANG_WARN_DEPRECATED_OBJC_IMPLEMENTATIONS = YES;
				CLANG_WARN_DIRECT_OBJC_ISA_USAGE = YES_ERROR;
				CLANG_WARN_DOCUMENTATION_COMMENTS = YES;
				CLANG_WARN_EMPTY_BODY = YES;
				CLANG_WARN_ENUM_CONVERSION = YES;
				CLANG_WARN_INFINITE_RECURSION = YES;
				CLANG_WARN_INT_CONVERSION = YES;
				CLANG_WARN_NON_LITERAL_NULL_CONVERSION = YES;
				CLANG_WARN_OBJC_IMPLICIT_RETAIN_SELF = YES;
				CLANG_WARN_OBJC_LITERAL_CONVERSION = YES;
				CLANG_WARN_OBJC_ROOT_CLASS = YES_ERROR;
				CLANG_WARN_QUOTED_INCLUDE_IN_FRAMEWORK_HEADER = YES;
				CLANG_WARN_RANGE_LOOP_ANALYSIS = YES;
				CLANG_WARN_STRICT_PROTOTYPES = YES;
				CLANG_WARN_SUSPICIOUS_MOVE = YES;
				CLANG_WARN_UNGUARDED_AVAILABILITY = YES_AGGRESSIVE;
				CLANG_WARN_UNREACHABLE_CODE = YES;
				CLANG_WARN__DUPLICATE_METHOD_MATCH = YES;
				COPY_PHASE_STRIP = NO;
				DEBUG_INFORMATION_FORMAT = dwarf;
				ENABLE_STRICT_OBJC_MSGSEND = YES;
				ENABLE_TESTABILITY = YES;
				GCC_C_LANGUAGE_STANDARD = gnu11;
				GCC_DYNAMIC_NO_PIC = NO;
				GCC_NO_COMMON_BLOCKS = YES;
				GCC_OPTIMIZATION_LEVEL = 0;
				GCC_PREPROCESSOR_DEFINITIONS = (
					"DEBUG=1",
					"$(inherited)",
				);
				GCC_WARN_64_TO_32_BIT_CONVERSION = YES;
				GCC_WARN_ABOUT_RETURN_TYPE = YES_ERROR;
				GCC_WARN_UNDECLARED_SELECTOR = YES;
				GCC_WARN_UNINITIALIZED_AUTOS = YES_AGGRESSIVE;
				GCC_WARN_UNUSED_FUNCTION = YES;
				GCC_WARN_UNUSED_VARIABLE = YES;
				IPHONEOS_DEPLOYMENT_TARGET = 16.1;
				MTL_ENABLE_DEBUG_INFO = INCLUDE_SOURCE;
				MTL_FAST_MATH = YES;
				ONLY_ACTIVE_ARCH = YES;
				SDKROOT = iphoneos;
				SWIFT_ACTIVE_COMPILATION_CONDITIONS = DEBUG;
				SWIFT_OPTIMIZATION_LEVEL = "-Onone";
			};
			name = Debug;
		};
		FFB913DF2ABAE7010022E688 /* Release */ = {
			isa = XCBuildConfiguration;
			buildSettings = {
				ALWAYS_SEARCH_USER_PATHS = NO;
				CLANG_ANALYZER_NONNULL = YES;
				CLANG_ANALYZER_NUMBER_OBJECT_CONVERSION = YES_AGGRESSIVE;
				CLANG_CXX_LANGUAGE_STANDARD = "gnu++20";
				CLANG_ENABLE_MODULES = YES;
				CLANG_ENABLE_OBJC_ARC = YES;
				CLANG_ENABLE_OBJC_WEAK = YES;
				CLANG_WARN_BLOCK_CAPTURE_AUTORELEASING = YES;
				CLANG_WARN_BOOL_CONVERSION = YES;
				CLANG_WARN_COMMA = YES;
				CLANG_WARN_CONSTANT_CONVERSION = YES;
				CLANG_WARN_DEPRECATED_OBJC_IMPLEMENTATIONS = YES;
				CLANG_WARN_DIRECT_OBJC_ISA_USAGE = YES_ERROR;
				CLANG_WARN_DOCUMENTATION_COMMENTS = YES;
				CLANG_WARN_EMPTY_BODY = YES;
				CLANG_WARN_ENUM_CONVERSION = YES;
				CLANG_WARN_INFINITE_RECURSION = YES;
				CLANG_WARN_INT_CONVERSION = YES;
				CLANG_WARN_NON_LITERAL_NULL_CONVERSION = YES;
				CLANG_WARN_OBJC_IMPLICIT_RETAIN_SELF = YES;
				CLANG_WARN_OBJC_LITERAL_CONVERSION = YES;
				CLANG_WARN_OBJC_ROOT_CLASS = YES_ERROR;
				CLANG_WARN_QUOTED_INCLUDE_IN_FRAMEWORK_HEADER = YES;
				CLANG_WARN_RANGE_LOOP_ANALYSIS = YES;
				CLANG_WARN_STRICT_PROTOTYPES = YES;
				CLANG_WARN_SUSPICIOUS_MOVE = YES;
				CLANG_WARN_UNGUARDED_AVAILABILITY = YES_AGGRESSIVE;
				CLANG_WARN_UNREACHABLE_CODE = YES;
				CLANG_WARN__DUPLICATE_METHOD_MATCH = YES;
				COPY_PHASE_STRIP = NO;
				DEBUG_INFORMATION_FORMAT = "dwarf-with-dsym";
				ENABLE_NS_ASSERTIONS = NO;
				ENABLE_STRICT_OBJC_MSGSEND = YES;
				GCC_C_LANGUAGE_STANDARD = gnu11;
				GCC_NO_COMMON_BLOCKS = YES;
				GCC_WARN_64_TO_32_BIT_CONVERSION = YES;
				GCC_WARN_ABOUT_RETURN_TYPE = YES_ERROR;
				GCC_WARN_UNDECLARED_SELECTOR = YES;
				GCC_WARN_UNINITIALIZED_AUTOS = YES_AGGRESSIVE;
				GCC_WARN_UNUSED_FUNCTION = YES;
				GCC_WARN_UNUSED_VARIABLE = YES;
				IPHONEOS_DEPLOYMENT_TARGET = 16.1;
				MTL_ENABLE_DEBUG_INFO = NO;
				MTL_FAST_MATH = YES;
				SDKROOT = iphoneos;
				SWIFT_COMPILATION_MODE = wholemodule;
				SWIFT_OPTIMIZATION_LEVEL = "-O";
				VALIDATE_PRODUCT = YES;
			};
			name = Release;
		};
		FFB913E12ABAE7010022E688 /* Debug */ = {
			isa = XCBuildConfiguration;
			buildSettings = {
				ASSETCATALOG_COMPILER_APPICON_NAME = AppIcon;
				ASSETCATALOG_COMPILER_GLOBAL_ACCENT_COLOR_NAME = AccentColor;
				CODE_SIGN_STYLE = Automatic;
				CURRENT_PROJECT_VERSION = 1;
				DEVELOPMENT_TEAM = UQ7NNW9PV7;
				GENERATE_INFOPLIST_FILE = YES;
				INFOPLIST_FILE = DilemmaDelish/Info.plist;
				INFOPLIST_KEY_UIApplicationSupportsIndirectInputEvents = YES;
				INFOPLIST_KEY_UILaunchStoryboardName = LaunchScreen;
				INFOPLIST_KEY_UIMainStoryboardFile = Main;
				INFOPLIST_KEY_UISupportedInterfaceOrientations_iPad = "UIInterfaceOrientationPortrait UIInterfaceOrientationPortraitUpsideDown UIInterfaceOrientationLandscapeLeft UIInterfaceOrientationLandscapeRight";
				INFOPLIST_KEY_UISupportedInterfaceOrientations_iPhone = "UIInterfaceOrientationPortrait UIInterfaceOrientationLandscapeLeft UIInterfaceOrientationLandscapeRight";
				IPHONEOS_DEPLOYMENT_TARGET = 15.0;
				LD_RUNPATH_SEARCH_PATHS = (
					"$(inherited)",
					"@executable_path/Frameworks",
				);
				MARKETING_VERSION = 1.0;
				PRODUCT_BUNDLE_IDENTIFIER = SooJi.DilemmaDelish;
				PRODUCT_NAME = "$(TARGET_NAME)";
				SWIFT_EMIT_LOC_STRINGS = YES;
				SWIFT_VERSION = 5.0;
				TARGETED_DEVICE_FAMILY = "1,2";
			};
			name = Debug;
		};
		FFB913E22ABAE7010022E688 /* Release */ = {
			isa = XCBuildConfiguration;
			buildSettings = {
				ASSETCATALOG_COMPILER_APPICON_NAME = AppIcon;
				ASSETCATALOG_COMPILER_GLOBAL_ACCENT_COLOR_NAME = AccentColor;
				CODE_SIGN_STYLE = Automatic;
				CURRENT_PROJECT_VERSION = 1;
				DEVELOPMENT_TEAM = UQ7NNW9PV7;
				GENERATE_INFOPLIST_FILE = YES;
				INFOPLIST_FILE = DilemmaDelish/Info.plist;
				INFOPLIST_KEY_UIApplicationSupportsIndirectInputEvents = YES;
				INFOPLIST_KEY_UILaunchStoryboardName = LaunchScreen;
				INFOPLIST_KEY_UIMainStoryboardFile = Main;
				INFOPLIST_KEY_UISupportedInterfaceOrientations_iPad = "UIInterfaceOrientationPortrait UIInterfaceOrientationPortraitUpsideDown UIInterfaceOrientationLandscapeLeft UIInterfaceOrientationLandscapeRight";
				INFOPLIST_KEY_UISupportedInterfaceOrientations_iPhone = "UIInterfaceOrientationPortrait UIInterfaceOrientationLandscapeLeft UIInterfaceOrientationLandscapeRight";
				IPHONEOS_DEPLOYMENT_TARGET = 15.0;
				LD_RUNPATH_SEARCH_PATHS = (
					"$(inherited)",
					"@executable_path/Frameworks",
				);
				MARKETING_VERSION = 1.0;
				PRODUCT_BUNDLE_IDENTIFIER = SooJi.DilemmaDelish;
				PRODUCT_NAME = "$(TARGET_NAME)";
				SWIFT_EMIT_LOC_STRINGS = YES;
				SWIFT_VERSION = 5.0;
				TARGETED_DEVICE_FAMILY = "1,2";
			};
			name = Release;
		};
/* End XCBuildConfiguration section */

/* Begin XCConfigurationList section */
		FFB43E552ADD081400250AA6 /* Build configuration list for PBXNativeTarget "DilemmaDelishTests" */ = {
			isa = XCConfigurationList;
			buildConfigurations = (
				FFB43E532ADD081400250AA6 /* Debug */,
				FFB43E542ADD081400250AA6 /* Release */,
			);
			defaultConfigurationIsVisible = 0;
			defaultConfigurationName = Release;
		};
		FFB913C72ABAE6FF0022E688 /* Build configuration list for PBXProject "DilemmaDelish" */ = {
			isa = XCConfigurationList;
			buildConfigurations = (
				FFB913DE2ABAE7010022E688 /* Debug */,
				FFB913DF2ABAE7010022E688 /* Release */,
			);
			defaultConfigurationIsVisible = 0;
			defaultConfigurationName = Release;
		};
		FFB913E02ABAE7010022E688 /* Build configuration list for PBXNativeTarget "DilemmaDelish" */ = {
			isa = XCConfigurationList;
			buildConfigurations = (
				FFB913E12ABAE7010022E688 /* Debug */,
				FFB913E22ABAE7010022E688 /* Release */,
			);
			defaultConfigurationIsVisible = 0;
			defaultConfigurationName = Release;
		};
/* End XCConfigurationList section */

/* Begin XCRemoteSwiftPackageReference section */
		FFB913EA2ABAED4B0022E688 /* XCRemoteSwiftPackageReference "RxSwift" */ = {
			isa = XCRemoteSwiftPackageReference;
			repositoryURL = "https://github.com/ReactiveX/RxSwift";
			requirement = {
				kind = upToNextMajorVersion;
				minimumVersion = 6.0.0;
			};
		};
/* End XCRemoteSwiftPackageReference section */

/* Begin XCSwiftPackageProductDependency section */
		FFB913EB2ABAED4B0022E688 /* RxCocoa */ = {
			isa = XCSwiftPackageProductDependency;
			package = FFB913EA2ABAED4B0022E688 /* XCRemoteSwiftPackageReference "RxSwift" */;
			productName = RxCocoa;
		};
		FFB913ED2ABAED4B0022E688 /* RxSwift */ = {
			isa = XCSwiftPackageProductDependency;
			package = FFB913EA2ABAED4B0022E688 /* XCRemoteSwiftPackageReference "RxSwift" */;
			productName = RxSwift;
		};
/* End XCSwiftPackageProductDependency section */

/* Begin XCVersionGroup section */
		FF9118E82AC177B600CC5E8D /* IngredientModel.xcdatamodeld */ = {
			isa = XCVersionGroup;
			children = (
				FF9118E92AC177B600CC5E8D /* IngredientModel.xcdatamodel */,
			);
			currentVersion = FF9118E92AC177B600CC5E8D /* IngredientModel.xcdatamodel */;
			path = IngredientModel.xcdatamodeld;
			sourceTree = "<group>";
			versionGroupType = wrapper.xcdatamodel;
		};
/* End XCVersionGroup section */
	};
	rootObject = FFB913C42ABAE6FF0022E688 /* Project object */;
}
